
Microsoft Visual Studio Solution File, Format Version 12.00
# Visual Studio 15
VisualStudioVersion = 15.0.26730.16
MinimumVisualStudioVersion = 10.0.40219.1
Project("{FAE04EC0-301F-11D3-BF4B-00C04F79EFBC}") = "MegaDeskASP.NET", "MegaDeskASP.NET\MegaDeskASP.NET.csproj", "{FC3319F4-9DA4-4A8D-8AD2-580722EBB41C}"
EndProject
Global
	GlobalSection(SolutionConfigurationPlatforms) = preSolution
		Debug|Any CPU = Debug|Any CPU
		Release|Any CPU = Release|Any CPU
	EndGlobalSection
	GlobalSection(ProjectConfigurationPlatforms) = postSolution
		{FC3319F4-9DA4-4A8D-8AD2-580722EBB41C}.Debug|Any CPU.ActiveCfg = Debug|Any CPU
		{FC3319F4-9DA4-4A8D-8AD2-580722EBB41C}.Debug|Any CPU.Build.0 = Debug|Any CPU
		{FC3319F4-9DA4-4A8D-8AD2-580722EBB41C}.Release|Any CPU.ActiveCfg = Release|Any CPU
		{FC3319F4-9DA4-4A8D-8AD2-580722EBB41C}.Release|Any CPU.Build.0 = Release|Any CPU
	EndGlobalSection
	GlobalSection(SolutionProperties) = preSolution
		HideSolutionNode = FALSE
	EndGlobalSection
	GlobalSection(ExtensibilityGlobals) = postSolution
		SolutionGuid = {28D6819B-2F1E-496C-A7AD-5CE6E849B588}
	EndGlobalSection
EndGlobal
